// !$*UTF8*$!
{
	archiveVersion = 1;
	classes = {
	};
	objectVersion = 56;
	objects = {

/* Begin PBXBuildFile section */
		3200C0352D5923510089162E /* AppDelegate.swift in Sources */ = {isa = PBXBuildFile; fileRef = 3200C0342D5923510089162E /* AppDelegate.swift */; };
		3200C0372D5923510089162E /* SceneDelegate.swift in Sources */ = {isa = PBXBuildFile; fileRef = 3200C0362D5923510089162E /* SceneDelegate.swift */; };
		3200C0392D5923510089162E /* ViewController.swift in Sources */ = {isa = PBXBuildFile; fileRef = 3200C0382D5923510089162E /* ViewController.swift */; };
		3200C03F2D5923510089162E /* TodoListApp.xcdatamodeld in Sources */ = {isa = PBXBuildFile; fileRef = 3200C03D2D5923510089162E /* TodoListApp.xcdatamodeld */; };
		3200C0412D5923520089162E /* Assets.xcassets in Resources */ = {isa = PBXBuildFile; fileRef = 3200C0402D5923520089162E /* Assets.xcassets */; };
		3200C0512D5924CC0089162E /* TodoItem+CoreDataClass.swift in Sources */ = {isa = PBXBuildFile; fileRef = 3200C04F2D5924CC0089162E /* TodoItem+CoreDataClass.swift */; };
		3200C0522D5924CC0089162E /* TodoItem+CoreDataProperties.swift in Sources */ = {isa = PBXBuildFile; fileRef = 3200C0502D5924CC0089162E /* TodoItem+CoreDataProperties.swift */; };
		3200C0542D59253B0089162E /* TodoItemModel.swift in Sources */ = {isa = PBXBuildFile; fileRef = 3200C0532D59253B0089162E /* TodoItemModel.swift */; };
		3200C0572D59256B0089162E /* APIService.swift in Sources */ = {isa = PBXBuildFile; fileRef = 3200C0562D59256B0089162E /* APIService.swift */; };
		3200C0592D5925890089162E /* CoreDataStack.swift in Sources */ = {isa = PBXBuildFile; fileRef = 3200C0582D5925890089162E /* CoreDataStack.swift */; };
		3200C05B2D5925CD0089162E /* TaskTableViewCell.swift in Sources */ = {isa = PBXBuildFile; fileRef = 3200C05A2D5925CD0089162E /* TaskTableViewCell.swift */; };
		3200C05D2D5925E30089162E /* TaskDetailViewController.swift in Sources */ = {isa = PBXBuildFile; fileRef = 3200C05C2D5925E30089162E /* TaskDetailViewController.swift */; };
		3200C0602D59260B0089162E /* CheckmarkButton.swift in Sources */ = {isa = PBXBuildFile; fileRef = 3200C05F2D59260B0089162E /* CheckmarkButton.swift */; };
		3200C0622D59263D0089162E /* TodoItemViewModel.swift in Sources */ = {isa = PBXBuildFile; fileRef = 3200C0612D59263D0089162E /* TodoItemViewModel.swift */; };
		3200C0882D592BB70089162E /* TodoListAppUITests.swift in Sources */ = {isa = PBXBuildFile; fileRef = 3200C0872D592BB70089162E /* TodoListAppUITests.swift */; };
		3200C0952D592BCB0089162E /* TodoListAppTests.swift in Sources */ = {isa = PBXBuildFile; fileRef = 3200C0942D592BCB0089162E /* TodoListAppTests.swift */; };
/* End PBXBuildFile section */

/* Begin PBXContainerItemProxy section */
		3200C0892D592BB70089162E /* PBXContainerItemProxy */ = {
			isa = PBXContainerItemProxy;
			containerPortal = 3200C0292D5923510089162E /* Project object */;
			proxyType = 1;
			remoteGlobalIDString = 3200C0302D5923510089162E;
			remoteInfo = TodoListApp;
		};
		3200C0962D592BCB0089162E /* PBXContainerItemProxy */ = {
			isa = PBXContainerItemProxy;
			containerPortal = 3200C0292D5923510089162E /* Project object */;
			proxyType = 1;
			remoteGlobalIDString = 3200C0302D5923510089162E;
			remoteInfo = TodoListApp;
		};
/* End PBXContainerItemProxy section */

/* Begin PBXFileReference section */
		3200C0312D5923510089162E /* TodoListApp.app */ = {isa = PBXFileReference; explicitFileType = wrapper.application; includeInIndex = 0; path = TodoListApp.app; sourceTree = BUILT_PRODUCTS_DIR; };
		3200C0342D5923510089162E /* AppDelegate.swift */ = {isa = PBXFileReference; lastKnownFileType = sourcecode.swift; path = AppDelegate.swift; sourceTree = "<group>"; };
		3200C0362D5923510089162E /* SceneDelegate.swift */ = {isa = PBXFileReference; lastKnownFileType = sourcecode.swift; path = SceneDelegate.swift; sourceTree = "<group>"; };
		3200C0382D5923510089162E /* ViewController.swift */ = {isa = PBXFileReference; lastKnownFileType = sourcecode.swift; path = ViewController.swift; sourceTree = "<group>"; };
		3200C03E2D5923510089162E /* TodoListApp.xcdatamodel */ = {isa = PBXFileReference; lastKnownFileType = wrapper.xcdatamodel; path = TodoListApp.xcdatamodel; sourceTree = "<group>"; };
		3200C0402D5923520089162E /* Assets.xcassets */ = {isa = PBXFileReference; lastKnownFileType = folder.assetcatalog; path = Assets.xcassets; sourceTree = "<group>"; };
		3200C0452D5923520089162E /* Info.plist */ = {isa = PBXFileReference; lastKnownFileType = text.plist.xml; path = Info.plist; sourceTree = "<group>"; };
		3200C04F2D5924CC0089162E /* TodoItem+CoreDataClass.swift */ = {isa = PBXFileReference; lastKnownFileType = sourcecode.swift; path = "TodoItem+CoreDataClass.swift"; sourceTree = "<group>"; };
		3200C0502D5924CC0089162E /* TodoItem+CoreDataProperties.swift */ = {isa = PBXFileReference; lastKnownFileType = sourcecode.swift; path = "TodoItem+CoreDataProperties.swift"; sourceTree = "<group>"; };
		3200C0532D59253B0089162E /* TodoItemModel.swift */ = {isa = PBXFileReference; lastKnownFileType = sourcecode.swift; path = TodoItemModel.swift; sourceTree = "<group>"; };
		3200C0562D59256B0089162E /* APIService.swift */ = {isa = PBXFileReference; lastKnownFileType = sourcecode.swift; path = APIService.swift; sourceTree = "<group>"; };
		3200C0582D5925890089162E /* CoreDataStack.swift */ = {isa = PBXFileReference; lastKnownFileType = sourcecode.swift; path = CoreDataStack.swift; sourceTree = "<group>"; };
		3200C05A2D5925CD0089162E /* TaskTableViewCell.swift */ = {isa = PBXFileReference; lastKnownFileType = sourcecode.swift; path = TaskTableViewCell.swift; sourceTree = "<group>"; };
		3200C05C2D5925E30089162E /* TaskDetailViewController.swift */ = {isa = PBXFileReference; lastKnownFileType = sourcecode.swift; path = TaskDetailViewController.swift; sourceTree = "<group>"; };
		3200C05F2D59260B0089162E /* CheckmarkButton.swift */ = {isa = PBXFileReference; lastKnownFileType = sourcecode.swift; path = CheckmarkButton.swift; sourceTree = "<group>"; };
		3200C0612D59263D0089162E /* TodoItemViewModel.swift */ = {isa = PBXFileReference; lastKnownFileType = sourcecode.swift; path = TodoItemViewModel.swift; sourceTree = "<group>"; };
		3200C0852D592BB70089162E /* TodoListAppUITests.xctest */ = {isa = PBXFileReference; explicitFileType = wrapper.cfbundle; includeInIndex = 0; path = TodoListAppUITests.xctest; sourceTree = BUILT_PRODUCTS_DIR; };
		3200C0872D592BB70089162E /* TodoListAppUITests.swift */ = {isa = PBXFileReference; lastKnownFileType = sourcecode.swift; path = TodoListAppUITests.swift; sourceTree = "<group>"; };
		3200C0922D592BCB0089162E /* TodoListAppTests.xctest */ = {isa = PBXFileReference; explicitFileType = wrapper.cfbundle; includeInIndex = 0; path = TodoListAppTests.xctest; sourceTree = BUILT_PRODUCTS_DIR; };
		3200C0942D592BCB0089162E /* TodoListAppTests.swift */ = {isa = PBXFileReference; lastKnownFileType = sourcecode.swift; path = TodoListAppTests.swift; sourceTree = "<group>"; };
/* End PBXFileReference section */

/* Begin PBXFrameworksBuildPhase section */
		3200C02E2D5923510089162E /* Frameworks */ = {
			isa = PBXFrameworksBuildPhase;
			buildActionMask = 2147483647;
			files = (
			);
			runOnlyForDeploymentPostprocessing = 0;
		};
		3200C0822D592BB70089162E /* Frameworks */ = {
			isa = PBXFrameworksBuildPhase;
			buildActionMask = 2147483647;
			files = (
			);
			runOnlyForDeploymentPostprocessing = 0;
		};
		3200C08F2D592BCB0089162E /* Frameworks */ = {
			isa = PBXFrameworksBuildPhase;
			buildActionMask = 2147483647;
			files = (
			);
			runOnlyForDeploymentPostprocessing = 0;
		};
/* End PBXFrameworksBuildPhase section */

/* Begin PBXGroup section */
		3200C0282D5923510089162E = {
			isa = PBXGroup;
			children = (
				3200C0332D5923510089162E /* TodoListApp */,
				3200C0862D592BB70089162E /* TodoListAppUITests */,
				3200C0932D592BCB0089162E /* TodoListAppTests */,
				3200C0322D5923510089162E /* Products */,
			);
			sourceTree = "<group>";
		};
		3200C0322D5923510089162E /* Products */ = {
			isa = PBXGroup;
			children = (
				3200C0312D5923510089162E /* TodoListApp.app */,
				3200C0852D592BB70089162E /* TodoListAppUITests.xctest */,
				3200C0922D592BCB0089162E /* TodoListAppTests.xctest */,
			);
			name = Products;
			sourceTree = "<group>";
		};
		3200C0332D5923510089162E /* TodoListApp */ = {
			isa = PBXGroup;
			children = (
				3200C0552D5925560089162E /* Services */,
				3200C04E2D5924200089162E /* ViewModel */,
				3200C04D2D59241A0089162E /* View */,
				3200C04C2D5924000089162E /* Resources */,
				3200C04B2D5923F50089162E /* Model */,
				3200C0342D5923510089162E /* AppDelegate.swift */,
				3200C0362D5923510089162E /* SceneDelegate.swift */,
				3200C0452D5923520089162E /* Info.plist */,
				3200C03D2D5923510089162E /* TodoListApp.xcdatamodeld */,
			);
			path = TodoListApp;
			sourceTree = "<group>";
		};
		3200C04B2D5923F50089162E /* Model */ = {
			isa = PBXGroup;
			children = (
				3200C04F2D5924CC0089162E /* TodoItem+CoreDataClass.swift */,
				3200C0502D5924CC0089162E /* TodoItem+CoreDataProperties.swift */,
				3200C0532D59253B0089162E /* TodoItemModel.swift */,
			);
			path = Model;
			sourceTree = "<group>";
		};
		3200C04C2D5924000089162E /* Resources */ = {
			isa = PBXGroup;
			children = (
				3200C0402D5923520089162E /* Assets.xcassets */,
			);
			path = Resources;
			sourceTree = "<group>";
		};
		3200C04D2D59241A0089162E /* View */ = {
			isa = PBXGroup;
			children = (
				3200C05E2D5925F60089162E /* Buttons */,
				3200C0382D5923510089162E /* ViewController.swift */,
				3200C05A2D5925CD0089162E /* TaskTableViewCell.swift */,
				3200C05C2D5925E30089162E /* TaskDetailViewController.swift */,
			);
			path = View;
			sourceTree = "<group>";
		};
		3200C04E2D5924200089162E /* ViewModel */ = {
			isa = PBXGroup;
			children = (
				3200C0612D59263D0089162E /* TodoItemViewModel.swift */,
			);
			path = ViewModel;
			sourceTree = "<group>";
		};
		3200C0552D5925560089162E /* Services */ = {
			isa = PBXGroup;
			children = (
				3200C0562D59256B0089162E /* APIService.swift */,
				3200C0582D5925890089162E /* CoreDataStack.swift */,
			);
			path = Services;
			sourceTree = "<group>";
		};
		3200C05E2D5925F60089162E /* Buttons */ = {
			isa = PBXGroup;
			children = (
				3200C05F2D59260B0089162E /* CheckmarkButton.swift */,
			);
			path = Buttons;
			sourceTree = "<group>";
		};
		3200C0862D592BB70089162E /* TodoListAppUITests */ = {
			isa = PBXGroup;
			children = (
				3200C0872D592BB70089162E /* TodoListAppUITests.swift */,
			);
			path = TodoListAppUITests;
			sourceTree = "<group>";
		};
		3200C0932D592BCB0089162E /* TodoListAppTests */ = {
			isa = PBXGroup;
			children = (
				3200C0942D592BCB0089162E /* TodoListAppTests.swift */,
			);
			path = TodoListAppTests;
			sourceTree = "<group>";
		};
/* End PBXGroup section */

/* Begin PBXNativeTarget section */
		3200C0302D5923510089162E /* TodoListApp */ = {
			isa = PBXNativeTarget;
			buildConfigurationList = 3200C0482D5923520089162E /* Build configuration list for PBXNativeTarget "TodoListApp" */;
			buildPhases = (
				3200C02D2D5923510089162E /* Sources */,
				3200C02E2D5923510089162E /* Frameworks */,
				3200C02F2D5923510089162E /* Resources */,
			);
			buildRules = (
			);
			dependencies = (
			);
			name = TodoListApp;
			productName = TodoListApp;
			productReference = 3200C0312D5923510089162E /* TodoListApp.app */;
			productType = "com.apple.product-type.application";
		};
		3200C0842D592BB70089162E /* TodoListAppUITests */ = {
			isa = PBXNativeTarget;
			buildConfigurationList = 3200C08B2D592BB70089162E /* Build configuration list for PBXNativeTarget "TodoListAppUITests" */;
			buildPhases = (
				3200C0812D592BB70089162E /* Sources */,
				3200C0822D592BB70089162E /* Frameworks */,
				3200C0832D592BB70089162E /* Resources */,
			);
			buildRules = (
			);
			dependencies = (
				3200C08A2D592BB70089162E /* PBXTargetDependency */,
			);
			name = TodoListAppUITests;
			productName = TodoListAppUITests;
			productReference = 3200C0852D592BB70089162E /* TodoListAppUITests.xctest */;
			productType = "com.apple.product-type.bundle.unit-test";
		};
		3200C0912D592BCB0089162E /* TodoListAppTests */ = {
			isa = PBXNativeTarget;
			buildConfigurationList = 3200C0982D592BCB0089162E /* Build configuration list for PBXNativeTarget "TodoListAppTests" */;
			buildPhases = (
				3200C08E2D592BCB0089162E /* Sources */,
				3200C08F2D592BCB0089162E /* Frameworks */,
				3200C0902D592BCB0089162E /* Resources */,
			);
			buildRules = (
			);
			dependencies = (
				3200C0972D592BCB0089162E /* PBXTargetDependency */,
			);
			name = TodoListAppTests;
			productName = TodoListAppTests;
			productReference = 3200C0922D592BCB0089162E /* TodoListAppTests.xctest */;
			productType = "com.apple.product-type.bundle.unit-test";
		};
/* End PBXNativeTarget section */

/* Begin PBXProject section */
		3200C0292D5923510089162E /* Project object */ = {
			isa = PBXProject;
			attributes = {
				BuildIndependentTargetsInParallel = 1;
				LastSwiftUpdateCheck = 1540;
				LastUpgradeCheck = 1540;
				TargetAttributes = {
					3200C0302D5923510089162E = {
						CreatedOnToolsVersion = 15.4;
					};
					3200C0842D592BB70089162E = {
						CreatedOnToolsVersion = 15.4;
						TestTargetID = 3200C0302D5923510089162E;
					};
					3200C0912D592BCB0089162E = {
						CreatedOnToolsVersion = 15.4;
						TestTargetID = 3200C0302D5923510089162E;
					};
				};
			};
			buildConfigurationList = 3200C02C2D5923510089162E /* Build configuration list for PBXProject "TodoListApp" */;
			compatibilityVersion = "Xcode 14.0";
			developmentRegion = en;
			hasScannedForEncodings = 0;
			knownRegions = (
				en,
				Base,
			);
			mainGroup = 3200C0282D5923510089162E;
			productRefGroup = 3200C0322D5923510089162E /* Products */;
			projectDirPath = "";
			projectRoot = "";
			targets = (
				3200C0302D5923510089162E /* TodoListApp */,
				3200C0842D592BB70089162E /* TodoListAppUITests */,
				3200C0912D592BCB0089162E /* TodoListAppTests */,
			);
		};
/* End PBXProject section */

/* Begin PBXResourcesBuildPhase section */
		3200C02F2D5923510089162E /* Resources */ = {
			isa = PBXResourcesBuildPhase;
			buildActionMask = 2147483647;
			files = (
				3200C0412D5923520089162E /* Assets.xcassets in Resources */,
			);
			runOnlyForDeploymentPostprocessing = 0;
		};
		3200C0832D592BB70089162E /* Resources */ = {
			isa = PBXResourcesBuildPhase;
			buildActionMask = 2147483647;
			files = (
			);
			runOnlyForDeploymentPostprocessing = 0;
		};
		3200C0902D592BCB0089162E /* Resources */ = {
			isa = PBXResourcesBuildPhase;
			buildActionMask = 2147483647;
			files = (
			);
			runOnlyForDeploymentPostprocessing = 0;
		};
/* End PBXResourcesBuildPhase section */

/* Begin PBXSourcesBuildPhase section */
		3200C02D2D5923510089162E /* Sources */ = {
			isa = PBXSourcesBuildPhase;
			buildActionMask = 2147483647;
			files = (
				3200C0542D59253B0089162E /* TodoItemModel.swift in Sources */,
				3200C0392D5923510089162E /* ViewController.swift in Sources */,
				3200C05B2D5925CD0089162E /* TaskTableViewCell.swift in Sources */,
				3200C0352D5923510089162E /* AppDelegate.swift in Sources */,
				3200C0592D5925890089162E /* CoreDataStack.swift in Sources */,
				3200C0602D59260B0089162E /* CheckmarkButton.swift in Sources */,
				3200C0622D59263D0089162E /* TodoItemViewModel.swift in Sources */,
				3200C0372D5923510089162E /* SceneDelegate.swift in Sources */,
				3200C05D2D5925E30089162E /* TaskDetailViewController.swift in Sources */,
				3200C0512D5924CC0089162E /* TodoItem+CoreDataClass.swift in Sources */,
				3200C0522D5924CC0089162E /* TodoItem+CoreDataProperties.swift in Sources */,
				3200C0572D59256B0089162E /* APIService.swift in Sources */,
				3200C03F2D5923510089162E /* TodoListApp.xcdatamodeld in Sources */,
			);
			runOnlyForDeploymentPostprocessing = 0;
		};
		3200C0812D592BB70089162E /* Sources */ = {
			isa = PBXSourcesBuildPhase;
			buildActionMask = 2147483647;
			files = (
				3200C0882D592BB70089162E /* TodoListAppUITests.swift in Sources */,
			);
			runOnlyForDeploymentPostprocessing = 0;
		};
		3200C08E2D592BCB0089162E /* Sources */ = {
			isa = PBXSourcesBuildPhase;
			buildActionMask = 2147483647;
			files = (
				3200C0952D592BCB0089162E /* TodoListAppTests.swift in Sources */,
			);
			runOnlyForDeploymentPostprocessing = 0;
		};
/* End PBXSourcesBuildPhase section */

/* Begin PBXTargetDependency section */
		3200C08A2D592BB70089162E /* PBXTargetDependency */ = {
			isa = PBXTargetDependency;
			target = 3200C0302D5923510089162E /* TodoListApp */;
			targetProxy = 3200C0892D592BB70089162E /* PBXContainerItemProxy */;
		};
		3200C0972D592BCB0089162E /* PBXTargetDependency */ = {
			isa = PBXTargetDependency;
			target = 3200C0302D5923510089162E /* TodoListApp */;
			targetProxy = 3200C0962D592BCB0089162E /* PBXContainerItemProxy */;
		};
/* End PBXTargetDependency section */

/* Begin XCBuildConfiguration section */
		3200C0462D5923520089162E /* Debug */ = {
			isa = XCBuildConfiguration;
			buildSettings = {
				ALWAYS_SEARCH_USER_PATHS = NO;
				ASSETCATALOG_COMPILER_GENERATE_SWIFT_ASSET_SYMBOL_EXTENSIONS = YES;
				CLANG_ANALYZER_NONNULL = YES;
				CLANG_ANALYZER_NUMBER_OBJECT_CONVERSION = YES_AGGRESSIVE;
				CLANG_CXX_LANGUAGE_STANDARD = "gnu++20";
				CLANG_ENABLE_MODULES = YES;
				CLANG_ENABLE_OBJC_ARC = YES;
				CLANG_ENABLE_OBJC_WEAK = YES;
				CLANG_WARN_BLOCK_CAPTURE_AUTORELEASING = YES;
				CLANG_WARN_BOOL_CONVERSION = YES;
				CLANG_WARN_COMMA = YES;
				CLANG_WARN_CONSTANT_CONVERSION = YES;
				CLANG_WARN_DEPRECATED_OBJC_IMPLEMENTATIONS = YES;
				CLANG_WARN_DIRECT_OBJC_ISA_USAGE = YES_ERROR;
				CLANG_WARN_DOCUMENTATION_COMMENTS = YES;
				CLANG_WARN_EMPTY_BODY = YES;
				CLANG_WARN_ENUM_CONVERSION = YES;
				CLANG_WARN_INFINITE_RECURSION = YES;
				CLANG_WARN_INT_CONVERSION = YES;
				CLANG_WARN_NON_LITERAL_NULL_CONVERSION = YES;
				CLANG_WARN_OBJC_IMPLICIT_RETAIN_SELF = YES;
				CLANG_WARN_OBJC_LITERAL_CONVERSION = YES;
				CLANG_WARN_OBJC_ROOT_CLASS = YES_ERROR;
				CLANG_WARN_QUOTED_INCLUDE_IN_FRAMEWORK_HEADER = YES;
				CLANG_WARN_RANGE_LOOP_ANALYSIS = YES;
				CLANG_WARN_STRICT_PROTOTYPES = YES;
				CLANG_WARN_SUSPICIOUS_MOVE = YES;
				CLANG_WARN_UNGUARDED_AVAILABILITY = YES_AGGRESSIVE;
				CLANG_WARN_UNREACHABLE_CODE = YES;
				CLANG_WARN__DUPLICATE_METHOD_MATCH = YES;
				COPY_PHASE_STRIP = NO;
				DEBUG_INFORMATION_FORMAT = dwarf;
				ENABLE_STRICT_OBJC_MSGSEND = YES;
				ENABLE_TESTABILITY = YES;
				ENABLE_USER_SCRIPT_SANDBOXING = YES;
				GCC_C_LANGUAGE_STANDARD = gnu17;
				GCC_DYNAMIC_NO_PIC = NO;
				GCC_NO_COMMON_BLOCKS = YES;
				GCC_OPTIMIZATION_LEVEL = 0;
				GCC_PREPROCESSOR_DEFINITIONS = (
					"DEBUG=1",
					"$(inherited)",
				);
				GCC_WARN_64_TO_32_BIT_CONVERSION = YES;
				GCC_WARN_ABOUT_RETURN_TYPE = YES_ERROR;
				GCC_WARN_UNDECLARED_SELECTOR = YES;
				GCC_WARN_UNINITIALIZED_AUTOS = YES_AGGRESSIVE;
				GCC_WARN_UNUSED_FUNCTION = YES;
				GCC_WARN_UNUSED_VARIABLE = YES;
				IPHONEOS_DEPLOYMENT_TARGET = 17.5;
				LOCALIZATION_PREFERS_STRING_CATALOGS = YES;
				MTL_ENABLE_DEBUG_INFO = INCLUDE_SOURCE;
				MTL_FAST_MATH = YES;
				ONLY_ACTIVE_ARCH = YES;
				SDKROOT = iphoneos;
				SWIFT_ACTIVE_COMPILATION_CONDITIONS = "DEBUG $(inherited)";
				SWIFT_OPTIMIZATION_LEVEL = "-Onone";
			};
			name = Debug;
		};
		3200C0472D5923520089162E /* Release */ = {
			isa = XCBuildConfiguration;
			buildSettings = {
				ALWAYS_SEARCH_USER_PATHS = NO;
				ASSETCATALOG_COMPILER_GENERATE_SWIFT_ASSET_SYMBOL_EXTENSIONS = YES;
				CLANG_ANALYZER_NONNULL = YES;
				CLANG_ANALYZER_NUMBER_OBJECT_CONVERSION = YES_AGGRESSIVE;
				CLANG_CXX_LANGUAGE_STANDARD = "gnu++20";
				CLANG_ENABLE_MODULES = YES;
				CLANG_ENABLE_OBJC_ARC = YES;
				CLANG_ENABLE_OBJC_WEAK = YES;
				CLANG_WARN_BLOCK_CAPTURE_AUTORELEASING = YES;
				CLANG_WARN_BOOL_CONVERSION = YES;
				CLANG_WARN_COMMA = YES;
				CLANG_WARN_CONSTANT_CONVERSION = YES;
				CLANG_WARN_DEPRECATED_OBJC_IMPLEMENTATIONS = YES;
				CLANG_WARN_DIRECT_OBJC_ISA_USAGE = YES_ERROR;
				CLANG_WARN_DOCUMENTATION_COMMENTS = YES;
				CLANG_WARN_EMPTY_BODY = YES;
				CLANG_WARN_ENUM_CONVERSION = YES;
				CLANG_WARN_INFINITE_RECURSION = YES;
				CLANG_WARN_INT_CONVERSION = YES;
				CLANG_WARN_NON_LITERAL_NULL_CONVERSION = YES;
				CLANG_WARN_OBJC_IMPLICIT_RETAIN_SELF = YES;
				CLANG_WARN_OBJC_LITERAL_CONVERSION = YES;
				CLANG_WARN_OBJC_ROOT_CLASS = YES_ERROR;
				CLANG_WARN_QUOTED_INCLUDE_IN_FRAMEWORK_HEADER = YES;
				CLANG_WARN_RANGE_LOOP_ANALYSIS = YES;
				CLANG_WARN_STRICT_PROTOTYPES = YES;
				CLANG_WARN_SUSPICIOUS_MOVE = YES;
				CLANG_WARN_UNGUARDED_AVAILABILITY = YES_AGGRESSIVE;
				CLANG_WARN_UNREACHABLE_CODE = YES;
				CLANG_WARN__DUPLICATE_METHOD_MATCH = YES;
				COPY_PHASE_STRIP = NO;
				DEBUG_INFORMATION_FORMAT = "dwarf-with-dsym";
				ENABLE_NS_ASSERTIONS = NO;
				ENABLE_STRICT_OBJC_MSGSEND = YES;
				ENABLE_USER_SCRIPT_SANDBOXING = YES;
				GCC_C_LANGUAGE_STANDARD = gnu17;
				GCC_NO_COMMON_BLOCKS = YES;
				GCC_WARN_64_TO_32_BIT_CONVERSION = YES;
				GCC_WARN_ABOUT_RETURN_TYPE = YES_ERROR;
				GCC_WARN_UNDECLARED_SELECTOR = YES;
				GCC_WARN_UNINITIALIZED_AUTOS = YES_AGGRESSIVE;
				GCC_WARN_UNUSED_FUNCTION = YES;
				GCC_WARN_UNUSED_VARIABLE = YES;
				IPHONEOS_DEPLOYMENT_TARGET = 17.5;
				LOCALIZATION_PREFERS_STRING_CATALOGS = YES;
				MTL_ENABLE_DEBUG_INFO = NO;
				MTL_FAST_MATH = YES;
				SDKROOT = iphoneos;
				SWIFT_COMPILATION_MODE = wholemodule;
				VALIDATE_PRODUCT = YES;
			};
			name = Release;
		};
		3200C0492D5923520089162E /* Debug */ = {
			isa = XCBuildConfiguration;
			buildSettings = {
				ASSETCATALOG_COMPILER_APPICON_NAME = AppIcon;
				ASSETCATALOG_COMPILER_GLOBAL_ACCENT_COLOR_NAME = AccentColor;
				CODE_SIGN_STYLE = Automatic;
				CURRENT_PROJECT_VERSION = 1;
				DEVELOPMENT_TEAM = 3AJKH6Z44A;
				GENERATE_INFOPLIST_FILE = YES;
				INFOPLIST_FILE = TodoListApp/Info.plist;
				INFOPLIST_KEY_UIApplicationSupportsIndirectInputEvents = YES;
				INFOPLIST_KEY_UILaunchStoryboardName = LaunchScreen;
				INFOPLIST_KEY_UISupportedInterfaceOrientations_iPad = "UIInterfaceOrientationPortrait UIInterfaceOrientationPortraitUpsideDown UIInterfaceOrientationLandscapeLeft UIInterfaceOrientationLandscapeRight";
				INFOPLIST_KEY_UISupportedInterfaceOrientations_iPhone = "UIInterfaceOrientationPortrait UIInterfaceOrientationLandscapeLeft UIInterfaceOrientationLandscapeRight";
				LD_RUNPATH_SEARCH_PATHS = (
					"$(inherited)",
					"@executable_path/Frameworks",
				);
				MARKETING_VERSION = 1.0;
				PRODUCT_BUNDLE_IDENTIFIER = hjj.TodoListApp;
				PRODUCT_NAME = "$(TARGET_NAME)";
				SWIFT_EMIT_LOC_STRINGS = YES;
				SWIFT_VERSION = 5.0;
				TARGETED_DEVICE_FAMILY = "1,2";
			};
			name = Debug;
		};
		3200C04A2D5923520089162E /* Release */ = {
			isa = XCBuildConfiguration;
			buildSettings = {
				ASSETCATALOG_COMPILER_APPICON_NAME = AppIcon;
				ASSETCATALOG_COMPILER_GLOBAL_ACCENT_COLOR_NAME = AccentColor;
				CODE_SIGN_STYLE = Automatic;
				CURRENT_PROJECT_VERSION = 1;
				DEVELOPMENT_TEAM = 3AJKH6Z44A;
				GENERATE_INFOPLIST_FILE = YES;
				INFOPLIST_FILE = TodoListApp/Info.plist;
				INFOPLIST_KEY_UIApplicationSupportsIndirectInputEvents = YES;
				INFOPLIST_KEY_UILaunchStoryboardName = LaunchScreen;
				INFOPLIST_KEY_UISupportedInterfaceOrientations_iPad = "UIInterfaceOrientationPortrait UIInterfaceOrientationPortraitUpsideDown UIInterfaceOrientationLandscapeLeft UIInterfaceOrientationLandscapeRight";
				INFOPLIST_KEY_UISupportedInterfaceOrientations_iPhone = "UIInterfaceOrientationPortrait UIInterfaceOrientationLandscapeLeft UIInterfaceOrientationLandscapeRight";
				LD_RUNPATH_SEARCH_PATHS = (
					"$(inherited)",
					"@executable_path/Frameworks",
				);
				MARKETING_VERSION = 1.0;
				PRODUCT_BUNDLE_IDENTIFIER = hjj.TodoListApp;
				PRODUCT_NAME = "$(TARGET_NAME)";
				SWIFT_EMIT_LOC_STRINGS = YES;
				SWIFT_VERSION = 5.0;
				TARGETED_DEVICE_FAMILY = "1,2";
			};
			name = Release;
		};
		3200C08C2D592BB70089162E /* Debug */ = {
			isa = XCBuildConfiguration;
			buildSettings = {
				BUNDLE_LOADER = "$(TEST_HOST)";
				CODE_SIGN_STYLE = Automatic;
				CURRENT_PROJECT_VERSION = 1;
				DEVELOPMENT_TEAM = 3AJKH6Z44A;
				GENERATE_INFOPLIST_FILE = YES;
				MARKETING_VERSION = 1.0;
				PRODUCT_BUNDLE_IDENTIFIER = hjj.TodoListAppUITests;
				PRODUCT_NAME = "$(TARGET_NAME)";
				SWIFT_EMIT_LOC_STRINGS = NO;
				SWIFT_VERSION = 5.0;
				TARGETED_DEVICE_FAMILY = "1,2";
				TEST_HOST = "$(BUILT_PRODUCTS_DIR)/TodoListApp.app/$(BUNDLE_EXECUTABLE_FOLDER_PATH)/TodoListApp";
			};
			name = Debug;
		};
		3200C08D2D592BB70089162E /* Release */ = {
			isa = XCBuildConfiguration;
			buildSettings = {
				BUNDLE_LOADER = "$(TEST_HOST)";
				CODE_SIGN_STYLE = Automatic;
				CURRENT_PROJECT_VERSION = 1;
				DEVELOPMENT_TEAM = 3AJKH6Z44A;
				GENERATE_INFOPLIST_FILE = YES;
				MARKETING_VERSION = 1.0;
				PRODUCT_BUNDLE_IDENTIFIER = hjj.TodoListAppUITests;
				PRODUCT_NAME = "$(TARGET_NAME)";
				SWIFT_EMIT_LOC_STRINGS = NO;
				SWIFT_VERSION = 5.0;
				TARGETED_DEVICE_FAMILY = "1,2";
				TEST_HOST = "$(BUILT_PRODUCTS_DIR)/TodoListApp.app/$(BUNDLE_EXECUTABLE_FOLDER_PATH)/TodoListApp";
			};
			name = Release;
		};
		3200C0992D592BCB0089162E /* Debug */ = {
			isa = XCBuildConfiguration;
			buildSettings = {
				BUNDLE_LOADER = "$(TEST_HOST)";
				CODE_SIGN_STYLE = Automatic;
				CURRENT_PROJECT_VERSION = 1;
				DEVELOPMENT_TEAM = 3AJKH6Z44A;
				GENERATE_INFOPLIST_FILE = YES;
				MARKETING_VERSION = 1.0;
				PRODUCT_BUNDLE_IDENTIFIER = hjj.TodoListAppTests;
				PRODUCT_NAME = "$(TARGET_NAME)";
				SWIFT_EMIT_LOC_STRINGS = NO;
				SWIFT_VERSION = 5.0;
				TARGETED_DEVICE_FAMILY = "1,2";
				TEST_HOST = "$(BUILT_PRODUCTS_DIR)/TodoListApp.app/$(BUNDLE_EXECUTABLE_FOLDER_PATH)/TodoListApp";
			};
			name = Debug;
		};
		3200C09A2D592BCB0089162E /* Release */ = {
			isa = XCBuildConfiguration;
			buildSettings = {
				BUNDLE_LOADER = "$(TEST_HOST)";
				CODE_SIGN_STYLE = Automatic;
				CURRENT_PROJECT_VERSION = 1;
				DEVELOPMENT_TEAM = 3AJKH6Z44A;
				GENERATE_INFOPLIST_FILE = YES;
				MARKETING_VERSION = 1.0;
				PRODUCT_BUNDLE_IDENTIFIER = hjj.TodoListAppTests;
				PRODUCT_NAME = "$(TARGET_NAME)";
				SWIFT_EMIT_LOC_STRINGS = NO;
				SWIFT_VERSION = 5.0;
				TARGETED_DEVICE_FAMILY = "1,2";
				TEST_HOST = "$(BUILT_PRODUCTS_DIR)/TodoListApp.app/$(BUNDLE_EXECUTABLE_FOLDER_PATH)/TodoListApp";
			};
			name = Release;
		};
/* End XCBuildConfiguration section */

/* Begin XCConfigurationList section */
		3200C02C2D5923510089162E /* Build configuration list for PBXProject "TodoListApp" */ = {
			isa = XCConfigurationList;
			buildConfigurations = (
				3200C0462D5923520089162E /* Debug */,
				3200C0472D5923520089162E /* Release */,
			);
			defaultConfigurationIsVisible = 0;
			defaultConfigurationName = Release;
		};
		3200C0482D5923520089162E /* Build configuration list for PBXNativeTarget "TodoListApp" */ = {
			isa = XCConfigurationList;
			buildConfigurations = (
				3200C0492D5923520089162E /* Debug */,
				3200C04A2D5923520089162E /* Release */,
			);
			defaultConfigurationIsVisible = 0;
			defaultConfigurationName = Release;
		};
		3200C08B2D592BB70089162E /* Build configuration list for PBXNativeTarget "TodoListAppUITests" */ = {
			isa = XCConfigurationList;
			buildConfigurations = (
				3200C08C2D592BB70089162E /* Debug */,
				3200C08D2D592BB70089162E /* Release */,
			);
			defaultConfigurationIsVisible = 0;
			defaultConfigurationName = Release;
		};
		3200C0982D592BCB0089162E /* Build configuration list for PBXNativeTarget "TodoListAppTests" */ = {
			isa = XCConfigurationList;
			buildConfigurations = (
				3200C0992D592BCB0089162E /* Debug */,
				3200C09A2D592BCB0089162E /* Release */,
			);
			defaultConfigurationIsVisible = 0;
			defaultConfigurationName = Release;
		};
/* End XCConfigurationList section */

/* Begin XCVersionGroup section */
		3200C03D2D5923510089162E /* TodoListApp.xcdatamodeld */ = {
			isa = XCVersionGroup;
			children = (
				3200C03E2D5923510089162E /* TodoListApp.xcdatamodel */,
			);
			currentVersion = 3200C03E2D5923510089162E /* TodoListApp.xcdatamodel */;
			path = TodoListApp.xcdatamodeld;
			sourceTree = "<group>";
			versionGroupType = wrapper.xcdatamodel;
		};
/* End XCVersionGroup section */
	};
	rootObject = 3200C0292D5923510089162E /* Project object */;
}
