// !$*UTF8*$!
{
	archiveVersion = 1;
	classes = {
	};
	objectVersion = 56;
	objects = {

/* Begin PBXBuildFile section */
		328285D52B99C3EB0063E301 /* AppDelegate.swift in Sources */ = {isa = PBXBuildFile; fileRef = 328285D42B99C3EB0063E301 /* AppDelegate.swift */; };
		328285D72B99C3EB0063E301 /* SceneDelegate.swift in Sources */ = {isa = PBXBuildFile; fileRef = 328285D62B99C3EB0063E301 /* SceneDelegate.swift */; };
		328285D92B99C3EB0063E301 /* ViewController.swift in Sources */ = {isa = PBXBuildFile; fileRef = 328285D82B99C3EB0063E301 /* ViewController.swift */; };
		328285DF2B99C3EB0063E301 /* Notes_App.xcdatamodeld in Sources */ = {isa = PBXBuildFile; fileRef = 328285DD2B99C3EB0063E301 /* Notes_App.xcdatamodeld */; };
		328285E12B99C3ED0063E301 /* Assets.xcassets in Resources */ = {isa = PBXBuildFile; fileRef = 328285E02B99C3ED0063E301 /* Assets.xcassets */; };
		328285E42B99C3ED0063E301 /* LaunchScreen.storyboard in Resources */ = {isa = PBXBuildFile; fileRef = 328285E22B99C3ED0063E301 /* LaunchScreen.storyboard */; };
		328285EF2B99C4840063E301 /* NoteViewController.swift in Sources */ = {isa = PBXBuildFile; fileRef = 328285EE2B99C4840063E301 /* NoteViewController.swift */; };
/* End PBXBuildFile section */

/* Begin PBXFileReference section */
		328285D12B99C3EB0063E301 /* Notes-App.app */ = {isa = PBXFileReference; explicitFileType = wrapper.application; includeInIndex = 0; path = "Notes-App.app"; sourceTree = BUILT_PRODUCTS_DIR; };
		328285D42B99C3EB0063E301 /* AppDelegate.swift */ = {isa = PBXFileReference; lastKnownFileType = sourcecode.swift; path = AppDelegate.swift; sourceTree = "<group>"; };
		328285D62B99C3EB0063E301 /* SceneDelegate.swift */ = {isa = PBXFileReference; lastKnownFileType = sourcecode.swift; path = SceneDelegate.swift; sourceTree = "<group>"; };
		328285D82B99C3EB0063E301 /* ViewController.swift */ = {isa = PBXFileReference; lastKnownFileType = sourcecode.swift; path = ViewController.swift; sourceTree = "<group>"; };
		328285DE2B99C3EB0063E301 /* Notes_App.xcdatamodel */ = {isa = PBXFileReference; lastKnownFileType = wrapper.xcdatamodel; path = Notes_App.xcdatamodel; sourceTree = "<group>"; };
		328285E02B99C3ED0063E301 /* Assets.xcassets */ = {isa = PBXFileReference; lastKnownFileType = folder.assetcatalog; path = Assets.xcassets; sourceTree = "<group>"; };
		328285E32B99C3ED0063E301 /* Base */ = {isa = PBXFileReference; lastKnownFileType = file.storyboard; name = Base; path = Base.lproj/LaunchScreen.storyboard; sourceTree = "<group>"; };
		328285E52B99C3ED0063E301 /* Info.plist */ = {isa = PBXFileReference; lastKnownFileType = text.plist.xml; path = Info.plist; sourceTree = "<group>"; };
		328285EE2B99C4840063E301 /* NoteViewController.swift */ = {isa = PBXFileReference; lastKnownFileType = sourcecode.swift; path = NoteViewController.swift; sourceTree = "<group>"; };
/* End PBXFileReference section */

/* Begin PBXFrameworksBuildPhase section */
		328285CE2B99C3EB0063E301 /* Frameworks */ = {
			isa = PBXFrameworksBuildPhase;
			buildActionMask = 2147483647;
			files = (
			);
			runOnlyForDeploymentPostprocessing = 0;
		};
/* End PBXFrameworksBuildPhase section */

/* Begin PBXGroup section */
		328285C82B99C3EB0063E301 = {
			isa = PBXGroup;
			children = (
				328285D32B99C3EB0063E301 /* Notes-App */,
				328285D22B99C3EB0063E301 /* Products */,
			);
			sourceTree = "<group>";
		};
		328285D22B99C3EB0063E301 /* Products */ = {
			isa = PBXGroup;
			children = (
				328285D12B99C3EB0063E301 /* Notes-App.app */,
			);
			name = Products;
			sourceTree = "<group>";
		};
		328285D32B99C3EB0063E301 /* Notes-App */ = {
			isa = PBXGroup;
			children = (
				328285ED2B99C46D0063E301 /* Controllers */,
				328285EC2B99C4660063E301 /* View */,
				328285EB2B99C4610063E301 /* Model */,
				328285D42B99C3EB0063E301 /* AppDelegate.swift */,
				328285D62B99C3EB0063E301 /* SceneDelegate.swift */,
				328285E02B99C3ED0063E301 /* Assets.xcassets */,
				328285E22B99C3ED0063E301 /* LaunchScreen.storyboard */,
				328285E52B99C3ED0063E301 /* Info.plist */,
				328285DD2B99C3EB0063E301 /* Notes_App.xcdatamodeld */,
			);
			path = "Notes-App";
			sourceTree = "<group>";
		};
		328285EB2B99C4610063E301 /* Model */ = {
			isa = PBXGroup;
			children = (
			);
			path = Model;
			sourceTree = "<group>";
		};
		328285EC2B99C4660063E301 /* View */ = {
			isa = PBXGroup;
			children = (
			);
			path = View;
			sourceTree = "<group>";
		};
		328285ED2B99C46D0063E301 /* Controllers */ = {
			isa = PBXGroup;
			children = (
				328285D82B99C3EB0063E301 /* ViewController.swift */,
				328285EE2B99C4840063E301 /* NoteViewController.swift */,
			);
			path = Controllers;
			sourceTree = "<group>";
		};
/* End PBXGroup section */

/* Begin PBXNativeTarget section */
		328285D02B99C3EB0063E301 /* Notes-App */ = {
			isa = PBXNativeTarget;
			buildConfigurationList = 328285E82B99C3ED0063E301 /* Build configuration list for PBXNativeTarget "Notes-App" */;
			buildPhases = (
				328285CD2B99C3EB0063E301 /* Sources */,
				328285CE2B99C3EB0063E301 /* Frameworks */,
				328285CF2B99C3EB0063E301 /* Resources */,
			);
			buildRules = (
			);
			dependencies = (
			);
			name = "Notes-App";
			productName = "Notes-App";
			productReference = 328285D12B99C3EB0063E301 /* Notes-App.app */;
			productType = "com.apple.product-type.application";
		};
/* End PBXNativeTarget section */

/* Begin PBXProject section */
		328285C92B99C3EB0063E301 /* Project object */ = {
			isa = PBXProject;
			attributes = {
				BuildIndependentTargetsInParallel = 1;
				LastSwiftUpdateCheck = 1500;
				LastUpgradeCheck = 1500;
				TargetAttributes = {
					328285D02B99C3EB0063E301 = {
						CreatedOnToolsVersion = 15.0;
					};
				};
			};
			buildConfigurationList = 328285CC2B99C3EB0063E301 /* Build configuration list for PBXProject "Notes-App" */;
			compatibilityVersion = "Xcode 14.0";
			developmentRegion = en;
			hasScannedForEncodings = 0;
			knownRegions = (
				en,
				Base,
			);
			mainGroup = 328285C82B99C3EB0063E301;
			productRefGroup = 328285D22B99C3EB0063E301 /* Products */;
			projectDirPath = "";
			projectRoot = "";
			targets = (
				328285D02B99C3EB0063E301 /* Notes-App */,
			);
		};
/* End PBXProject section */

/* Begin PBXResourcesBuildPhase section */
		328285CF2B99C3EB0063E301 /* Resources */ = {
			isa = PBXResourcesBuildPhase;
			buildActionMask = 2147483647;
			files = (
				328285E42B99C3ED0063E301 /* LaunchScreen.storyboard in Resources */,
				328285E12B99C3ED0063E301 /* Assets.xcassets in Resources */,
			);
			runOnlyForDeploymentPostprocessing = 0;
		};
/* End PBXResourcesBuildPhase section */

/* Begin PBXSourcesBuildPhase section */
		328285CD2B99C3EB0063E301 /* Sources */ = {
			isa = PBXSourcesBuildPhase;
			buildActionMask = 2147483647;
			files = (
				328285D92B99C3EB0063E301 /* ViewController.swift in Sources */,
				328285D52B99C3EB0063E301 /* AppDelegate.swift in Sources */,
				328285D72B99C3EB0063E301 /* SceneDelegate.swift in Sources */,
				328285EF2B99C4840063E301 /* NoteViewController.swift in Sources */,
				328285DF2B99C3EB0063E301 /* Notes_App.xcdatamodeld in Sources */,
			);
			runOnlyForDeploymentPostprocessing = 0;
		};
/* End PBXSourcesBuildPhase section */

/* Begin PBXVariantGroup section */
		328285E22B99C3ED0063E301 /* LaunchScreen.storyboard */ = {
			isa = PBXVariantGroup;
			children = (
				328285E32B99C3ED0063E301 /* Base */,
			);
			name = LaunchScreen.storyboard;
			sourceTree = "<group>";
		};
/* End PBXVariantGroup section */

/* Begin XCBuildConfiguration section */
		328285E62B99C3ED0063E301 /* Debug */ = {
			isa = XCBuildConfiguration;
			buildSettings = {
				ALWAYS_SEARCH_USER_PATHS = NO;
				ASSETCATALOG_COMPILER_GENERATE_SWIFT_ASSET_SYMBOL_EXTENSIONS = YES;
				CLANG_ANALYZER_NONNULL = YES;
				CLANG_ANALYZER_NUMBER_OBJECT_CONVERSION = YES_AGGRESSIVE;
				CLANG_CXX_LANGUAGE_STANDARD = "gnu++20";
				CLANG_ENABLE_MODULES = YES;
				CLANG_ENABLE_OBJC_ARC = YES;
				CLANG_ENABLE_OBJC_WEAK = YES;
				CLANG_WARN_BLOCK_CAPTURE_AUTORELEASING = YES;
				CLANG_WARN_BOOL_CONVERSION = YES;
				CLANG_WARN_COMMA = YES;
				CLANG_WARN_CONSTANT_CONVERSION = YES;
				CLANG_WARN_DEPRECATED_OBJC_IMPLEMENTATIONS = YES;
				CLANG_WARN_DIRECT_OBJC_ISA_USAGE = YES_ERROR;
				CLANG_WARN_DOCUMENTATION_COMMENTS = YES;
				CLANG_WARN_EMPTY_BODY = YES;
				CLANG_WARN_ENUM_CONVERSION = YES;
				CLANG_WARN_INFINITE_RECURSION = YES;
				CLANG_WARN_INT_CONVERSION = YES;
				CLANG_WARN_NON_LITERAL_NULL_CONVERSION = YES;
				CLANG_WARN_OBJC_IMPLICIT_RETAIN_SELF = YES;
				CLANG_WARN_OBJC_LITERAL_CONVERSION = YES;
				CLANG_WARN_OBJC_ROOT_CLASS = YES_ERROR;
				CLANG_WARN_QUOTED_INCLUDE_IN_FRAMEWORK_HEADER = YES;
				CLANG_WARN_RANGE_LOOP_ANALYSIS = YES;
				CLANG_WARN_STRICT_PROTOTYPES = YES;
				CLANG_WARN_SUSPICIOUS_MOVE = YES;
				CLANG_WARN_UNGUARDED_AVAILABILITY = YES_AGGRESSIVE;
				CLANG_WARN_UNREACHABLE_CODE = YES;
				CLANG_WARN__DUPLICATE_METHOD_MATCH = YES;
				COPY_PHASE_STRIP = NO;
				DEBUG_INFORMATION_FORMAT = dwarf;
				ENABLE_STRICT_OBJC_MSGSEND = YES;
				ENABLE_TESTABILITY = YES;
				ENABLE_USER_SCRIPT_SANDBOXING = YES;
				GCC_C_LANGUAGE_STANDARD = gnu17;
				GCC_DYNAMIC_NO_PIC = NO;
				GCC_NO_COMMON_BLOCKS = YES;
				GCC_OPTIMIZATION_LEVEL = 0;
				GCC_PREPROCESSOR_DEFINITIONS = (
					"DEBUG=1",
					"$(inherited)",
				);
				GCC_WARN_64_TO_32_BIT_CONVERSION = YES;
				GCC_WARN_ABOUT_RETURN_TYPE = YES_ERROR;
				GCC_WARN_UNDECLARED_SELECTOR = YES;
				GCC_WARN_UNINITIALIZED_AUTOS = YES_AGGRESSIVE;
				GCC_WARN_UNUSED_FUNCTION = YES;
				GCC_WARN_UNUSED_VARIABLE = YES;
				IPHONEOS_DEPLOYMENT_TARGET = 17.0;
				LOCALIZATION_PREFERS_STRING_CATALOGS = YES;
				MTL_ENABLE_DEBUG_INFO = INCLUDE_SOURCE;
				MTL_FAST_MATH = YES;
				ONLY_ACTIVE_ARCH = YES;
				SDKROOT = iphoneos;
				SWIFT_ACTIVE_COMPILATION_CONDITIONS = "DEBUG $(inherited)";
				SWIFT_OPTIMIZATION_LEVEL = "-Onone";
			};
			name = Debug;
		};
		328285E72B99C3ED0063E301 /* Release */ = {
			isa = XCBuildConfiguration;
			buildSettings = {
				ALWAYS_SEARCH_USER_PATHS = NO;
				ASSETCATALOG_COMPILER_GENERATE_SWIFT_ASSET_SYMBOL_EXTENSIONS = YES;
				CLANG_ANALYZER_NONNULL = YES;
				CLANG_ANALYZER_NUMBER_OBJECT_CONVERSION = YES_AGGRESSIVE;
				CLANG_CXX_LANGUAGE_STANDARD = "gnu++20";
				CLANG_ENABLE_MODULES = YES;
				CLANG_ENABLE_OBJC_ARC = YES;
				CLANG_ENABLE_OBJC_WEAK = YES;
				CLANG_WARN_BLOCK_CAPTURE_AUTORELEASING = YES;
				CLANG_WARN_BOOL_CONVERSION = YES;
				CLANG_WARN_COMMA = YES;
				CLANG_WARN_CONSTANT_CONVERSION = YES;
				CLANG_WARN_DEPRECATED_OBJC_IMPLEMENTATIONS = YES;
				CLANG_WARN_DIRECT_OBJC_ISA_USAGE = YES_ERROR;
				CLANG_WARN_DOCUMENTATION_COMMENTS = YES;
				CLANG_WARN_EMPTY_BODY = YES;
				CLANG_WARN_ENUM_CONVERSION = YES;
				CLANG_WARN_INFINITE_RECURSION = YES;
				CLANG_WARN_INT_CONVERSION = YES;
				CLANG_WARN_NON_LITERAL_NULL_CONVERSION = YES;
				CLANG_WARN_OBJC_IMPLICIT_RETAIN_SELF = YES;
				CLANG_WARN_OBJC_LITERAL_CONVERSION = YES;
				CLANG_WARN_OBJC_ROOT_CLASS = YES_ERROR;
				CLANG_WARN_QUOTED_INCLUDE_IN_FRAMEWORK_HEADER = YES;
				CLANG_WARN_RANGE_LOOP_ANALYSIS = YES;
				CLANG_WARN_STRICT_PROTOTYPES = YES;
				CLANG_WARN_SUSPICIOUS_MOVE = YES;
				CLANG_WARN_UNGUARDED_AVAILABILITY = YES_AGGRESSIVE;
				CLANG_WARN_UNREACHABLE_CODE = YES;
				CLANG_WARN__DUPLICATE_METHOD_MATCH = YES;
				COPY_PHASE_STRIP = NO;
				DEBUG_INFORMATION_FORMAT = "dwarf-with-dsym";
				ENABLE_NS_ASSERTIONS = NO;
				ENABLE_STRICT_OBJC_MSGSEND = YES;
				ENABLE_USER_SCRIPT_SANDBOXING = YES;
				GCC_C_LANGUAGE_STANDARD = gnu17;
				GCC_NO_COMMON_BLOCKS = YES;
				GCC_WARN_64_TO_32_BIT_CONVERSION = YES;
				GCC_WARN_ABOUT_RETURN_TYPE = YES_ERROR;
				GCC_WARN_UNDECLARED_SELECTOR = YES;
				GCC_WARN_UNINITIALIZED_AUTOS = YES_AGGRESSIVE;
				GCC_WARN_UNUSED_FUNCTION = YES;
				GCC_WARN_UNUSED_VARIABLE = YES;
				IPHONEOS_DEPLOYMENT_TARGET = 17.0;
				LOCALIZATION_PREFERS_STRING_CATALOGS = YES;
				MTL_ENABLE_DEBUG_INFO = NO;
				MTL_FAST_MATH = YES;
				SDKROOT = iphoneos;
				SWIFT_COMPILATION_MODE = wholemodule;
				VALIDATE_PRODUCT = YES;
			};
			name = Release;
		};
		328285E92B99C3ED0063E301 /* Debug */ = {
			isa = XCBuildConfiguration;
			buildSettings = {
				ASSETCATALOG_COMPILER_APPICON_NAME = AppIcon;
				ASSETCATALOG_COMPILER_GLOBAL_ACCENT_COLOR_NAME = AccentColor;
				CODE_SIGN_STYLE = Automatic;
				CURRENT_PROJECT_VERSION = 1;
				DEVELOPMENT_TEAM = 3AJKH6Z44A;
				GENERATE_INFOPLIST_FILE = YES;
				INFOPLIST_FILE = "Notes-App/Info.plist";
				INFOPLIST_KEY_UIApplicationSupportsIndirectInputEvents = YES;
				INFOPLIST_KEY_UILaunchStoryboardName = LaunchScreen;
				INFOPLIST_KEY_UISupportedInterfaceOrientations_iPad = "UIInterfaceOrientationPortrait UIInterfaceOrientationPortraitUpsideDown UIInterfaceOrientationLandscapeLeft UIInterfaceOrientationLandscapeRight";
				INFOPLIST_KEY_UISupportedInterfaceOrientations_iPhone = "UIInterfaceOrientationPortrait UIInterfaceOrientationLandscapeLeft UIInterfaceOrientationLandscapeRight";
				LD_RUNPATH_SEARCH_PATHS = (
					"$(inherited)",
					"@executable_path/Frameworks",
				);
				MARKETING_VERSION = 1.0;
				PRODUCT_BUNDLE_IDENTIFIER = "hjj.Notes-App";
				PRODUCT_NAME = "$(TARGET_NAME)";
				SWIFT_EMIT_LOC_STRINGS = YES;
				SWIFT_VERSION = 5.0;
				TARGETED_DEVICE_FAMILY = "1,2";
			};
			name = Debug;
		};
		328285EA2B99C3ED0063E301 /* Release */ = {
			isa = XCBuildConfiguration;
			buildSettings = {
				ASSETCATALOG_COMPILER_APPICON_NAME = AppIcon;
				ASSETCATALOG_COMPILER_GLOBAL_ACCENT_COLOR_NAME = AccentColor;
				CODE_SIGN_STYLE = Automatic;
				CURRENT_PROJECT_VERSION = 1;
				DEVELOPMENT_TEAM = 3AJKH6Z44A;
				GENERATE_INFOPLIST_FILE = YES;
				INFOPLIST_FILE = "Notes-App/Info.plist";
				INFOPLIST_KEY_UIApplicationSupportsIndirectInputEvents = YES;
				INFOPLIST_KEY_UILaunchStoryboardName = LaunchScreen;
				INFOPLIST_KEY_UISupportedInterfaceOrientations_iPad = "UIInterfaceOrientationPortrait UIInterfaceOrientationPortraitUpsideDown UIInterfaceOrientationLandscapeLeft UIInterfaceOrientationLandscapeRight";
				INFOPLIST_KEY_UISupportedInterfaceOrientations_iPhone = "UIInterfaceOrientationPortrait UIInterfaceOrientationLandscapeLeft UIInterfaceOrientationLandscapeRight";
				LD_RUNPATH_SEARCH_PATHS = (
					"$(inherited)",
					"@executable_path/Frameworks",
				);
				MARKETING_VERSION = 1.0;
				PRODUCT_BUNDLE_IDENTIFIER = "hjj.Notes-App";
				PRODUCT_NAME = "$(TARGET_NAME)";
				SWIFT_EMIT_LOC_STRINGS = YES;
				SWIFT_VERSION = 5.0;
				TARGETED_DEVICE_FAMILY = "1,2";
			};
			name = Release;
		};
/* End XCBuildConfiguration section */

/* Begin XCConfigurationList section */
		328285CC2B99C3EB0063E301 /* Build configuration list for PBXProject "Notes-App" */ = {
			isa = XCConfigurationList;
			buildConfigurations = (
				328285E62B99C3ED0063E301 /* Debug */,
				328285E72B99C3ED0063E301 /* Release */,
			);
			defaultConfigurationIsVisible = 0;
			defaultConfigurationName = Release;
		};
		328285E82B99C3ED0063E301 /* Build configuration list for PBXNativeTarget "Notes-App" */ = {
			isa = XCConfigurationList;
			buildConfigurations = (
				328285E92B99C3ED0063E301 /* Debug */,
				328285EA2B99C3ED0063E301 /* Release */,
			);
			defaultConfigurationIsVisible = 0;
			defaultConfigurationName = Release;
		};
/* End XCConfigurationList section */

/* Begin XCVersionGroup section */
		328285DD2B99C3EB0063E301 /* Notes_App.xcdatamodeld */ = {
			isa = XCVersionGroup;
			children = (
				328285DE2B99C3EB0063E301 /* Notes_App.xcdatamodel */,
			);
			currentVersion = 328285DE2B99C3EB0063E301 /* Notes_App.xcdatamodel */;
			path = Notes_App.xcdatamodeld;
			sourceTree = "<group>";
			versionGroupType = wrapper.xcdatamodel;
		};
/* End XCVersionGroup section */
	};
	rootObject = 328285C92B99C3EB0063E301 /* Project object */;
}
